github.com/alecthomas/jsonschema v0.0.0-20190626084004-00dfc6288dec h1:aQdFubFhjKH9sH8sbfzy2G2qIY68WEzDopaW8CjfaRU=
github.com/alecthomas/jsonschema v0.0.0-20190626084004-00dfc6288dec/go.mod h1:Juc2PrI3wtNfUwptSvAIeNx+HrETwHQs6nf+TkOJlOA=
github.com/davecgh/go-spew v1.1.0 h1:ZDRjVQ15GmhC3fiQ8ni8+OwkZQO4DARzQgrnXU1Liz8=
github.com/davecgh/go-spew v1.1.0/go.mod h1:J7Y8YcW2NihsgmVo/mv3lAwl/skON4iLHjSsI+c5H38=
github.com/davecgh/go-spew v1.1.1/go.mod h1:J7Y8YcW2NihsgmVo/mv3lAwl/skON4iLHjSsI+c5H38=
github.com/fatih/color v1.10.0 h1:s36xzo75JdqLaaWoiEHk767eHiwo0598uUxyfiPkDsg=
github.com/fatih/color v1.10.0/go.mod h1:ELkj/draVOlAH/xkhN6mQ50Qd0MPOk5AAr3maGEBuJM=
github.com/intel-go/fastjson v0.0.0-20170329170629-f846ae58a1ab h1:K7WJJ5AnrQV/6tEh0Qqs19KLzvsq5V15f9CifKii6aU=
github.com/intel-go/fastjson v0.0.0-20170329170629-f846ae58a1ab/go.mod h1:xr9Svf97gkxlW+ZDxs47vReKp7m9EUzNhEGOLyBHR+8=
github.com/k0kubun/pp v1.3.0 h1:r9td75hcmetrcVbmsZRjnxcIbI9mhm+/N6iWyG4TWe0=
github.com/k0kubun/pp v3.0.1+incompatible h1:3tqvf7QgUnZ5tXO6pNAZlrvHgl6DvifjDrd9g2S9Z40=
github.com/k0kubun/pp v3.0.1+incompatible/go.mod h1:GWse8YhT0p8pT4ir3ZgBbfZild3tgzSScAn6HmfYukg=
github.com/mattn/go-colorable v0.1.8 h1:c1ghPdyEDarC70ftn0y+A/Ee++9zz8ljHG1b13eJ0s8=
github.com/mattn/go-colorable v0.1.8/go.mod h1:u6P/XSegPjTcexA+o6vUJrdnUu04hMope9wVRipJSqc=
github.com/mattn/go-isatty v0.0.12 h1:wuysRhFDzyxgEmMf5xjvJ2M9dZoWAXNNr5LSBS7uHXY=
github.com/mattn/go-isatty v0.0.12/go.mod h1:cbi8OIDigv2wuxKPP5vlRcQ1OAZbq2CE4Kysco4FUpU=
github.com/osamingo/jsonrpc v0.0.0-20200219081550-352acaa9f2b2 h1:ifzEQmkqWTqh2PvUUyQtT2EXQ1bMrISGi8vGHAXrUdU=
github.com/osamingo/jsonrpc v0.0.0-20200219081550-352acaa9f2b2/go.mod h1:NJyU4hYj9vn/7B6VS8hjIgw716xpus2M7TtadHTYGMg=
github.com/philpearl/aeshash v0.0.0-20180606163729-b8bbbadb7d42 h1:gKkaGDgFO0tAurwztl7ut8BlkQbdWuK0mr46U00JYw8=
github.com/philpearl/aeshash v0.0.0-20180606163729-b8bbbadb7d42/go.mod h1:fp/ETJRQnc8o4We0k8oAYZtDISr6JfAzJREMlpni2R0=
github.com/philpearl/intern v0.0.0-20190308180349-3eb3341f2154 h1:FYnXGk1IvjGumIGaezndQJZLXNlsl6npcaq0rxFs5kg=
github.com/philpearl/intern v0.0.0-20190308180349-3eb3341f2154/go.mod h1:aIiDQfSPZO57QNiC8lz8PNYWnhtdpoFHCdsVaAJcI6A=
github.com/philpearl/stringbank v1.1.0 h1:YY+DV72+w0MAIbjguu4dtNFiOgGtrwJ+hFPaKRkZV+4=
github.com/philpearl/stringbank v1.1.0/go.mod h1:0V0f9Ba79DpIl4FTfotL+7IJ+etELdRQIcHJY2nX/+w=
github.com/pkg/errors v0.9.1 h1:FEBLx1zS214owpjy7qsBeixbURkuhQAwrK5UwLGTwt4=
github.com/pkg/errors v0.9.1/go.mod h1:bwawxfHBFNV+L2hUp1rHADufV3IMtnDRdf1r5NINEl0=
github.com/pmezard/go-difflib v1.0.0 h1:4DBwDE0NGyQoBHbLQYPwSUPoCMWR5BEzIk/f1lZbAQM=
github.com/pmezard/go-difflib v1.0.0/go.mod h1:iKH77koFhYxTK1pcRnkKkqfTogsbg7gZNVY4sRDYZ/4=
github.com/sourcegraph/go-lsp v0.0.0-20200429204803-219e11d77f5d h1:afLbh+ltiygTOB37ymZVwKlJwWZn+86syPTbrrOAydY=
github.com/sourcegraph/go-lsp v0.0.0-20200429204803-219e11d77f5d/go.mod h1:SULmZY7YNBsvNiQbrb/BEDdEJ84TGnfyUQxaHt8t8rY=
github.com/stretchr/objx v0.1.0/go.mod h1:HFkY916IF+rwdDfMAkV7OtwuqBVzrE8GR6GFx+wExME=
github.com/stretchr/testify v1.3.0 h1:TivCn/peBQ7UY8ooIcPgZFpTNSz0Q2U6UrFlUfqbe0Q=
github.com/stretchr/testify v1.3.0/go.mod h1:M5WIy9Dh21IEIfnGCwXGc5bZfKNJtfHm1UVUgZn+9EI=
github.com/stretchr/testify v1.3.1-0.20190311161405-34c6fa2dc709/go.mod h1:M5WIy9Dh21IEIfnGCwXGc5bZfKNJtfHm1UVUgZn+9EI=
github.com/stretchr/testify v1.4.0/go.mod h1:j7eGeouHqKxXV5pUuKE4zz7dFj8WfuZ+81PSLYec5m4=
github.com/valyala/fastjson v1.6.3 h1:tAKFnnwmeMGPbwJ7IwxcTPCNr3uIzoIj3/Fh90ra4xc=
github.com/valyala/fastjson v1.6.3/go.mod h1:CLCAqky6SMuOcxStkYQvblddUtoRxhYMGLrsQns1aXY=
golang.org/x/sys v0.0.0-20200116001909-b77594299b42/go.mod h1:h1NjWce9XRLGQEsW7wpKNCjG9DtNlClVuFLEZdDNbEs=
golang.org/x/sys v0.0.0-20200223170610-d5e6a3e2c0ae h1:/WDfKMnPU+m5M4xB+6x4kaepxRw6jWvR5iDRdvjHgy8=
golang.org/x/sys v0.0.0-20200223170610-d5e6a3e2c0ae/go.mod h1:h1NjWce9XRLGQEsW7wpKNCjG9DtNlClVuFLEZdDNbEs=
gopkg.in/check.v1 v0.0.0-20161208181325-20d25e280405/go.mod h1:Co6ibVJAznAaIkqp8huTwlJQCZ016jof/cbN4VW5Yz0=
gopkg.in/yaml.v2 v2.2.2/go.mod h1:hI93XBmqTisBFMUTm0b8Fm+jr3Dg1NNxqwp+5A1VGuI=
